
Microsoft Visual Studio Solution File, Format Version 12.00
# Visual Studio Version 16
VisualStudioVersion = 16.0.31702.278
MinimumVisualStudioVersion = 10.0.40219.1
Project("{FAE04EC0-301F-11D3-BF4B-00C04F79EFBC}") = "PracticeHorseRace", "PracticeHorseRace\PracticeHorseRace.csproj", "{1C43682A-7275-4F21-AD68-7207E9D4CB0A}"
EndProject
Global
	GlobalSection(SolutionConfigurationPlatforms) = preSolution
		Debug|Any CPU = Debug|Any CPU
		Release|Any CPU = Release|Any CPU
	EndGlobalSection
	GlobalSection(ProjectConfigurationPlatforms) = postSolution
		{1C43682A-7275-4F21-AD68-7207E9D4CB0A}.Debug|Any CPU.ActiveCfg = Debug|Any CPU
		{1C43682A-7275-4F21-AD68-7207E9D4CB0A}.Debug|Any CPU.Build.0 = Debug|Any CPU
		{1C43682A-7275-4F21-AD68-7207E9D4CB0A}.Release|Any CPU.ActiveCfg = Release|Any CPU
		{1C43682A-7275-4F21-AD68-7207E9D4CB0A}.Release|Any CPU.Build.0 = Release|Any CPU
	EndGlobalSection
	GlobalSection(SolutionProperties) = preSolution
		HideSolutionNode = FALSE
	EndGlobalSection
	GlobalSection(ExtensibilityGlobals) = postSolution
		SolutionGuid = {E5362FC9-066A-4AD1-A42E-F312E0412DD4}
	EndGlobalSection
EndGlobal
