
Microsoft Visual Studio Solution File, Format Version 12.00
# Visual Studio Version 16
VisualStudioVersion = 16.0.31729.503
MinimumVisualStudioVersion = 10.0.40219.1
Project("{FAE04EC0-301F-11D3-BF4B-00C04F79EFBC}") = "BoatGame", "BoatGame\BoatGame.csproj", "{353977C3-7BA0-403F-B9F6-7F5121FDDC46}"
EndProject
Global
	GlobalSection(SolutionConfigurationPlatforms) = preSolution
		Debug|Any CPU = Debug|Any CPU
		Release|Any CPU = Release|Any CPU
	EndGlobalSection
	GlobalSection(ProjectConfigurationPlatforms) = postSolution
		{353977C3-7BA0-403F-B9F6-7F5121FDDC46}.Debug|Any CPU.ActiveCfg = Debug|Any CPU
		{353977C3-7BA0-403F-B9F6-7F5121FDDC46}.Debug|Any CPU.Build.0 = Debug|Any CPU
		{353977C3-7BA0-403F-B9F6-7F5121FDDC46}.Release|Any CPU.ActiveCfg = Release|Any CPU
		{353977C3-7BA0-403F-B9F6-7F5121FDDC46}.Release|Any CPU.Build.0 = Release|Any CPU
	EndGlobalSection
	GlobalSection(SolutionProperties) = preSolution
		HideSolutionNode = FALSE
	EndGlobalSection
	GlobalSection(ExtensibilityGlobals) = postSolution
		SolutionGuid = {7E8DCFCB-6548-4F71-9105-E0B34444558F}
	EndGlobalSection
EndGlobal
