
Microsoft Visual Studio Solution File, Format Version 12.00
# Visual Studio Version 16
VisualStudioVersion = 16.0.31624.102
MinimumVisualStudioVersion = 10.0.40219.1
Project("{FAE04EC0-301F-11D3-BF4B-00C04F79EFBC}") = "RabbitEagle", "RabbitEagle\RabbitEagle.csproj", "{EB4D0E9B-CCD3-40A3-A304-2C1FD2B6B540}"
EndProject
Global
	GlobalSection(SolutionConfigurationPlatforms) = preSolution
		Debug|Any CPU = Debug|Any CPU
		Release|Any CPU = Release|Any CPU
	EndGlobalSection
	GlobalSection(ProjectConfigurationPlatforms) = postSolution
		{EB4D0E9B-CCD3-40A3-A304-2C1FD2B6B540}.Debug|Any CPU.ActiveCfg = Debug|Any CPU
		{EB4D0E9B-CCD3-40A3-A304-2C1FD2B6B540}.Debug|Any CPU.Build.0 = Debug|Any CPU
		{EB4D0E9B-CCD3-40A3-A304-2C1FD2B6B540}.Release|Any CPU.ActiveCfg = Release|Any CPU
		{EB4D0E9B-CCD3-40A3-A304-2C1FD2B6B540}.Release|Any CPU.Build.0 = Release|Any CPU
	EndGlobalSection
	GlobalSection(SolutionProperties) = preSolution
		HideSolutionNode = FALSE
	EndGlobalSection
	GlobalSection(ExtensibilityGlobals) = postSolution
		SolutionGuid = {11D48F97-0605-410A-82CD-76361A95D23D}
	EndGlobalSection
EndGlobal
