
Microsoft Visual Studio Solution File, Format Version 12.00
# Visual Studio Version 16
VisualStudioVersion = 16.0.31729.503
MinimumVisualStudioVersion = 10.0.40219.1
Project("{FAE04EC0-301F-11D3-BF4B-00C04F79EFBC}") = "MonoMenu", "MonoMenu\MonoMenu.csproj", "{29128000-C0FE-4AA0-B8B9-D6486177A136}"
EndProject
Global
	GlobalSection(SolutionConfigurationPlatforms) = preSolution
		Debug|Any CPU = Debug|Any CPU
		Release|Any CPU = Release|Any CPU
	EndGlobalSection
	GlobalSection(ProjectConfigurationPlatforms) = postSolution
		{29128000-C0FE-4AA0-B8B9-D6486177A136}.Debug|Any CPU.ActiveCfg = Debug|Any CPU
		{29128000-C0FE-4AA0-B8B9-D6486177A136}.Debug|Any CPU.Build.0 = Debug|Any CPU
		{29128000-C0FE-4AA0-B8B9-D6486177A136}.Release|Any CPU.ActiveCfg = Release|Any CPU
		{29128000-C0FE-4AA0-B8B9-D6486177A136}.Release|Any CPU.Build.0 = Release|Any CPU
	EndGlobalSection
	GlobalSection(SolutionProperties) = preSolution
		HideSolutionNode = FALSE
	EndGlobalSection
	GlobalSection(ExtensibilityGlobals) = postSolution
		SolutionGuid = {791BF4CD-D2EA-43A3-8D64-610016F5070D}
	EndGlobalSection
EndGlobal
