
Microsoft Visual Studio Solution File, Format Version 12.00
# Visual Studio Version 16
VisualStudioVersion = 16.0.31702.278
MinimumVisualStudioVersion = 10.0.40219.1
Project("{FAE04EC0-301F-11D3-BF4B-00C04F79EFBC}") = "HorseRace", "HorseRace\HorseRace.csproj", "{C8A47F04-A07E-4CEF-9CF9-F8ABAB7BE1EF}"
EndProject
Global
	GlobalSection(SolutionConfigurationPlatforms) = preSolution
		Debug|Any CPU = Debug|Any CPU
		Release|Any CPU = Release|Any CPU
	EndGlobalSection
	GlobalSection(ProjectConfigurationPlatforms) = postSolution
		{C8A47F04-A07E-4CEF-9CF9-F8ABAB7BE1EF}.Debug|Any CPU.ActiveCfg = Debug|Any CPU
		{C8A47F04-A07E-4CEF-9CF9-F8ABAB7BE1EF}.Debug|Any CPU.Build.0 = Debug|Any CPU
		{C8A47F04-A07E-4CEF-9CF9-F8ABAB7BE1EF}.Release|Any CPU.ActiveCfg = Release|Any CPU
		{C8A47F04-A07E-4CEF-9CF9-F8ABAB7BE1EF}.Release|Any CPU.Build.0 = Release|Any CPU
	EndGlobalSection
	GlobalSection(SolutionProperties) = preSolution
		HideSolutionNode = FALSE
	EndGlobalSection
	GlobalSection(ExtensibilityGlobals) = postSolution
		SolutionGuid = {26E66C9E-D240-4CCA-A712-A99A3A57B601}
	EndGlobalSection
EndGlobal
