
Microsoft Visual Studio Solution File, Format Version 12.00
# Visual Studio Version 16
VisualStudioVersion = 16.0.31424.327
MinimumVisualStudioVersion = 10.0.40219.1
Project("{FAE04EC0-301F-11D3-BF4B-00C04F79EFBC}") = "BouncingBallGame", "BouncingBallGame\BouncingBallGame.csproj", "{E816A895-C3FE-4172-880A-F73C206E358D}"
EndProject
Global
	GlobalSection(SolutionConfigurationPlatforms) = preSolution
		Debug|Any CPU = Debug|Any CPU
		Release|Any CPU = Release|Any CPU
	EndGlobalSection
	GlobalSection(ProjectConfigurationPlatforms) = postSolution
		{E816A895-C3FE-4172-880A-F73C206E358D}.Debug|Any CPU.ActiveCfg = Debug|Any CPU
		{E816A895-C3FE-4172-880A-F73C206E358D}.Debug|Any CPU.Build.0 = Debug|Any CPU
		{E816A895-C3FE-4172-880A-F73C206E358D}.Release|Any CPU.ActiveCfg = Release|Any CPU
		{E816A895-C3FE-4172-880A-F73C206E358D}.Release|Any CPU.Build.0 = Release|Any CPU
	EndGlobalSection
	GlobalSection(SolutionProperties) = preSolution
		HideSolutionNode = FALSE
	EndGlobalSection
	GlobalSection(ExtensibilityGlobals) = postSolution
		SolutionGuid = {396C1B82-976F-461E-9181-BE35278A6766}
	EndGlobalSection
EndGlobal
